
Microsoft Visual Studio Solution File, Format Version 12.00
# Visual Studio Version 17
VisualStudioVersion = 17.1.32113.165
MinimumVisualStudioVersion = 10.0.40219.1
Project("{9A19103F-16F7-4668-BE54-9A1E7A4F7556}") = "HomeAutomation", "HomeAutomation\HomeAutomation.csproj", "{8E2D5884-7535-4E44-88FE-A8822661E278}"
EndProject
Project("{2150E333-8FDC-42A3-9474-1A3956D46DE8}") = "SolutionItems", "SolutionItems", "{CDCF93F7-556E-4C6F-9D4A-E7FDD0CF3CB4}"
	ProjectSection(SolutionItems) = preProject
		.gitattributes = .gitattributes
		.gitignore = .gitignore
		Directory.Build.props = Directory.Build.props
		Directory.Build.targets = Directory.Build.targets
		Jenkinsfile = Jenkinsfile
	EndProjectSection
EndProject
Project("{9A19103F-16F7-4668-BE54-9A1E7A4F7556}") = "Database", "Library\HomeDashboardBackend\Database\Database.csproj", "{4ABDEF76-5DB3-4732-8A5D-310D043998C7}"
EndProject
Project("{9A19103F-16F7-4668-BE54-9A1E7A4F7556}") = "MoneyForwardViewer.DataBase", "Library\HomeDashboardBackend\Library\MoneyForwardViewer\MoneyForwardViewer.DataBase\MoneyForwardViewer.DataBase.csproj", "{FE464DA1-D438-4077-911A-0EB5F763F216}"
EndProject
Global
	GlobalSection(SolutionConfigurationPlatforms) = preSolution
		Debug|Any CPU = Debug|Any CPU
		Release|Any CPU = Release|Any CPU
	EndGlobalSection
	GlobalSection(ProjectConfigurationPlatforms) = postSolution
		{8E2D5884-7535-4E44-88FE-A8822661E278}.Debug|Any CPU.ActiveCfg = Debug|Any CPU
		{8E2D5884-7535-4E44-88FE-A8822661E278}.Debug|Any CPU.Build.0 = Debug|Any CPU
		{8E2D5884-7535-4E44-88FE-A8822661E278}.Release|Any CPU.ActiveCfg = Release|Any CPU
		{8E2D5884-7535-4E44-88FE-A8822661E278}.Release|Any CPU.Build.0 = Release|Any CPU
		{4ABDEF76-5DB3-4732-8A5D-310D043998C7}.Debug|Any CPU.ActiveCfg = Debug|Any CPU
		{4ABDEF76-5DB3-4732-8A5D-310D043998C7}.Debug|Any CPU.Build.0 = Debug|Any CPU
		{4ABDEF76-5DB3-4732-8A5D-310D043998C7}.Release|Any CPU.ActiveCfg = Release|Any CPU
		{4ABDEF76-5DB3-4732-8A5D-310D043998C7}.Release|Any CPU.Build.0 = Release|Any CPU
		{FE464DA1-D438-4077-911A-0EB5F763F216}.Debug|Any CPU.ActiveCfg = Debug|Any CPU
		{FE464DA1-D438-4077-911A-0EB5F763F216}.Debug|Any CPU.Build.0 = Debug|Any CPU
		{FE464DA1-D438-4077-911A-0EB5F763F216}.Release|Any CPU.ActiveCfg = Release|Any CPU
		{FE464DA1-D438-4077-911A-0EB5F763F216}.Release|Any CPU.Build.0 = Release|Any CPU
	EndGlobalSection
	GlobalSection(SolutionProperties) = preSolution
		HideSolutionNode = FALSE
	EndGlobalSection
	GlobalSection(ExtensibilityGlobals) = postSolution
		SolutionGuid = {8903E534-6115-439D-B04E-DC5EF089C5B7}
	EndGlobalSection
EndGlobal
